
Microsoft Visual Studio Solution File, Format Version 12.00
# Visual Studio Version 17
VisualStudioVersion = 17.8.34525.116
MinimumVisualStudioVersion = 10.0.40219.1
Project("{FAE04EC0-301F-11D3-BF4B-00C04F79EFBC}") = "Perimeter and Area of ​​a Rectangle", "Perimeter and Area of ​​a Rectangle\Perimeter and Area of ​​a Rectangle.csproj", "{90CC0952-253A-47A1-BF78-7665C8926784}"
EndProject
Global
	GlobalSection(SolutionConfigurationPlatforms) = preSolution
		Debug|Any CPU = Debug|Any CPU
		Release|Any CPU = Release|Any CPU
	EndGlobalSection
	GlobalSection(ProjectConfigurationPlatforms) = postSolution
		{90CC0952-253A-47A1-BF78-7665C8926784}.Debug|Any CPU.ActiveCfg = Debug|Any CPU
		{90CC0952-253A-47A1-BF78-7665C8926784}.Debug|Any CPU.Build.0 = Debug|Any CPU
		{90CC0952-253A-47A1-BF78-7665C8926784}.Release|Any CPU.ActiveCfg = Release|Any CPU
		{90CC0952-253A-47A1-BF78-7665C8926784}.Release|Any CPU.Build.0 = Release|Any CPU
	EndGlobalSection
	GlobalSection(SolutionProperties) = preSolution
		HideSolutionNode = FALSE
	EndGlobalSection
	GlobalSection(ExtensibilityGlobals) = postSolution
		SolutionGuid = {55A79B17-E543-4938-8265-7BD15D1D8FD8}
	EndGlobalSection
EndGlobal
