
Microsoft Visual Studio Solution File, Format Version 12.00
# Visual Studio Version 17
VisualStudioVersion = 17.8.34525.116
MinimumVisualStudioVersion = 10.0.40219.1
Project("{FAE04EC0-301F-11D3-BF4B-00C04F79EFBC}") = "Season Finder", "Season Finder\Season Finder.csproj", "{488E0E9C-F13C-4A26-87A4-A148D17FDD2E}"
EndProject
Global
	GlobalSection(SolutionConfigurationPlatforms) = preSolution
		Debug|Any CPU = Debug|Any CPU
		Release|Any CPU = Release|Any CPU
	EndGlobalSection
	GlobalSection(ProjectConfigurationPlatforms) = postSolution
		{488E0E9C-F13C-4A26-87A4-A148D17FDD2E}.Debug|Any CPU.ActiveCfg = Debug|Any CPU
		{488E0E9C-F13C-4A26-87A4-A148D17FDD2E}.Debug|Any CPU.Build.0 = Debug|Any CPU
		{488E0E9C-F13C-4A26-87A4-A148D17FDD2E}.Release|Any CPU.ActiveCfg = Release|Any CPU
		{488E0E9C-F13C-4A26-87A4-A148D17FDD2E}.Release|Any CPU.Build.0 = Release|Any CPU
	EndGlobalSection
	GlobalSection(SolutionProperties) = preSolution
		HideSolutionNode = FALSE
	EndGlobalSection
	GlobalSection(ExtensibilityGlobals) = postSolution
		SolutionGuid = {618B9234-9AB9-4F61-8ED9-B8F83171A8BC}
	EndGlobalSection
EndGlobal
